
Microsoft Visual Studio Solution File, Format Version 12.00
# Visual Studio Version 16
VisualStudioVersion = 16.0.31624.102
MinimumVisualStudioVersion = 10.0.40219.1
Project("{FAE04EC0-301F-11D3-BF4B-00C04F79EFBC}") = "MathDotNetTest", "MathDotNetTest\MathDotNetTest.csproj", "{CEACAD6F-739C-424F-BA33-63F9C6108FFD}"
EndProject
Global
	GlobalSection(SolutionConfigurationPlatforms) = preSolution
		Debug|Any CPU = Debug|Any CPU
		Release|Any CPU = Release|Any CPU
	EndGlobalSection
	GlobalSection(ProjectConfigurationPlatforms) = postSolution
		{CEACAD6F-739C-424F-BA33-63F9C6108FFD}.Debug|Any CPU.ActiveCfg = Debug|Any CPU
		{CEACAD6F-739C-424F-BA33-63F9C6108FFD}.Debug|Any CPU.Build.0 = Debug|Any CPU
		{CEACAD6F-739C-424F-BA33-63F9C6108FFD}.Release|Any CPU.ActiveCfg = Release|Any CPU
		{CEACAD6F-739C-424F-BA33-63F9C6108FFD}.Release|Any CPU.Build.0 = Release|Any CPU
	EndGlobalSection
	GlobalSection(SolutionProperties) = preSolution
		HideSolutionNode = FALSE
	EndGlobalSection
	GlobalSection(ExtensibilityGlobals) = postSolution
		SolutionGuid = {B0ECC49C-DEDC-4C55-8B6D-A9680FFF86AD}
	EndGlobalSection
EndGlobal
